<?xml version="1.0" encoding="utf-8"?>
<Project ToolsVersion="4.0" xmlns="http://schemas.microsoft.com/developer/msbuild/2003">
  <ItemGroup>
    <ClCompile Include="Actor.cpp" />
    <ClCompile Include="EngineCoreDebug.cpp" />
    <ClCompile Include="GameMode.cpp" />
    <ClCompile Include="EngineAPICore.cpp" />
    <ClCompile Include="PreCompile.cpp" />
    <ClCompile Include="Level.cpp" />
    <ClCompile Include="ImageManager.cpp" />
    <ClCompile Include="EngineSprite.cpp" />
    <ClCompile Include="ActorComponent.cpp" />
    <ClCompile Include="SceneComponent.cpp" />
    <ClCompile Include="SpriteRenderer.cpp" />
    <ClCompile Include="2DCollision.cpp" />
  </ItemGroup>
  <ItemGroup>
    <ClInclude Include="Actor.h" />
    <ClInclude Include="EngineCoreDebug.h" />
    <ClInclude Include="GameMode.h" />
    <ClInclude Include="EngineAPICore.h" />
    <ClInclude Include="PreCompile.h" />
    <ClInclude Include="Level.h" />
    <ClInclude Include="ImageManager.h" />
    <ClInclude Include="EngineSprite.h" />
    <ClInclude Include="ActorComponent.h" />
    <ClInclude Include="SceneComponent.h" />
    <ClInclude Include="SpriteRenderer.h" />
    <ClInclude Include="2DCollision.h" />
  </ItemGroup>
</Project>