<?xml version="1.0" encoding="utf-8"?>
<Project ToolsVersion="4.0" xmlns="http://schemas.microsoft.com/developer/msbuild/2003">
  <ItemGroup>
    <ClInclude Include="PreCompile.h">
      <Filter>PreCompile</Filter>
    </ClInclude>
    <ClInclude Include="MainContentsCore.h">
      <Filter>Core</Filter>
    </ClInclude>
    <ClInclude Include="PlayGameMode.h">
      <Filter>ContentsObject\GameMode</Filter>
    </ClInclude>
    <ClInclude Include="PlayMap.h">
      <Filter>ContentsObject\Play</Filter>
    </ClInclude>
    <ClInclude Include="ContentsEnum.h">
      <Filter>Global</Filter>
    </ClInclude>
    <ClInclude Include="TitleLogo.h">
      <Filter>ContentsObject\UI</Filter>
    </ClInclude>
    <ClInclude Include="TileMap.h">
      <Filter>TileMap</Filter>
    </ClInclude>
    <ClInclude Include="NewPlayer.h">
      <Filter>ContentsObject\Global</Filter>
    </ClInclude>
    <ClInclude Include="Score.h">
      <Filter>ContentsObject\Global</Filter>
    </ClInclude>
    <ClInclude Include="Rusty.h">
      <Filter>ContentsObject\Character</Filter>
    </ClInclude>
    <ClInclude Include="House.h">
      <Filter>ContentsObject\Building</Filter>
    </ClInclude>
    <ClInclude Include="Building.h">
      <Filter>ContentsObject\Building</Filter>
    </ClInclude>
    <ClInclude Include="Well.h">
      <Filter>ContentsObject\Building</Filter>
    </ClInclude>
    <ClInclude Include="Biofuelconverter.h">
      <Filter>ContentsObject\Building</Filter>
    </ClInclude>
    <ClInclude Include="Fade.h">
      <Filter>ContentsObject\Global</Filter>
    </ClInclude>
    <ClInclude Include="MenuPanelUI.h">
      <Filter>ContentsObject\UI</Filter>
    </ClInclude>
  </ItemGroup>
  <ItemGroup>
    <ClCompile Include="PreCompile.cpp">
      <Filter>PreCompile</Filter>
    </ClCompile>
    <ClCompile Include="MainContentsCore.cpp">
      <Filter>Core</Filter>
    </ClCompile>
    <ClCompile Include="PlayGameMode.cpp">
      <Filter>ContentsObject\GameMode</Filter>
    </ClCompile>
    <ClCompile Include="PlayMap.cpp">
      <Filter>ContentsObject\Play</Filter>
    </ClCompile>
    <ClCompile Include="ContentsEnum.cpp">
      <Filter>Global</Filter>
    </ClCompile>
    <ClCompile Include="TitleLogo.cpp">
      <Filter>ContentsObject\UI</Filter>
    </ClCompile>
    <ClCompile Include="TileMap.cpp">
      <Filter>TileMap</Filter>
    </ClCompile>
    <ClCompile Include="NewPlayer.cpp">
      <Filter>ContentsObject\Global</Filter>
    </ClCompile>
    <ClCompile Include="Score.cpp">
      <Filter>ContentsObject\Global</Filter>
    </ClCompile>
    <ClCompile Include="Rusty.cpp">
      <Filter>ContentsObject\Character</Filter>
    </ClCompile>
    <ClCompile Include="House.cpp">
      <Filter>ContentsObject\Building</Filter>
    </ClCompile>
    <ClCompile Include="Building.cpp">
      <Filter>ContentsObject\Building</Filter>
    </ClCompile>
    <ClCompile Include="Well.cpp">
      <Filter>ContentsObject\Building</Filter>
    </ClCompile>
    <ClCompile Include="Biofuelconverter.cpp">
      <Filter>ContentsObject\Building</Filter>
    </ClCompile>
    <ClCompile Include="Fade.cpp">
      <Filter>ContentsObject\Global</Filter>
    </ClCompile>
    <ClCompile Include="MenuPanelUI.cpp">
      <Filter>ContentsObject\UI</Filter>
    </ClCompile>
  </ItemGroup>
  <ItemGroup>
    <Filter Include="PreCompile">
      <UniqueIdentifier>{a87e0078-f3c8-4a43-bfec-c101c9a404c4}</UniqueIdentifier>
    </Filter>
    <Filter Include="ContentsObject">
      <UniqueIdentifier>{26872fba-4e70-4b03-abcf-75a854643a48}</UniqueIdentifier>
    </Filter>
    <Filter Include="Core">
      <UniqueIdentifier>{a1cc2534-c12e-4252-9e7c-aafe5e50e75c}</UniqueIdentifier>
    </Filter>
    <Filter Include="ContentsObject\GameMode">
      <UniqueIdentifier>{853cd216-882a-48b9-a584-a08e11d0a3b2}</UniqueIdentifier>
    </Filter>
    <Filter Include="ContentsObject\Play">
      <UniqueIdentifier>{25b203e5-44e3-4be7-8e4a-69c99e422435}</UniqueIdentifier>
    </Filter>
    <Filter Include="ContentsObject\Global">
      <UniqueIdentifier>{510c5f9b-b0b2-438d-8751-8d88d6c951ec}</UniqueIdentifier>
    </Filter>
    <Filter Include="Global">
      <UniqueIdentifier>{2852640c-2c84-4426-b62b-8e1b954fa8ee}</UniqueIdentifier>
    </Filter>
    <Filter Include="TileMap">
      <UniqueIdentifier>{f3fe4416-a80c-4962-92a1-45cd6e4e4dbd}</UniqueIdentifier>
    </Filter>
    <Filter Include="ContentsObject\Character">
      <UniqueIdentifier>{54c0db01-211a-44f9-a65d-cc0355931f73}</UniqueIdentifier>
    </Filter>
    <Filter Include="ContentsObject\Building">
      <UniqueIdentifier>{3525cda0-54e1-40de-bda9-44bd36208ae6}</UniqueIdentifier>
    </Filter>
    <Filter Include="ContentsObject\UI">
      <UniqueIdentifier>{0968278a-21c6-494b-901e-ba95b20d1de3}</UniqueIdentifier>
    </Filter>
  </ItemGroup>
</Project>